// !$*UTF8*$!
{
	archiveVersion = 1;
	classes = {
	};
	objectVersion = 46;
	objects = {

/* Begin PBXBuildFile section */
		591D3EC51CFF7F130059011C /* AVFoundation.framework in Frameworks */ = {isa = PBXBuildFile; fileRef = 591D3EC41CFF7F120059011C /* AVFoundation.framework */; };
		591D3ECB1CFF7F5F0059011C /* CoreMedia.framework in Frameworks */ = {isa = PBXBuildFile; fileRef = 591D3ECA1CFF7F5F0059011C /* CoreMedia.framework */; };
		591D3ECD1CFF7F9F0059011C /* AssetsLibrary.framework in Frameworks */ = {isa = PBXBuildFile; fileRef = 591D3ECC1CFF7F9F0059011C /* AssetsLibrary.framework */; };
		591D3ECF1CFF7FCE0059011C /* ImageIO.framework in Frameworks */ = {isa = PBXBuildFile; fileRef = 591D3ECE1CFF7FCE0059011C /* ImageIO.framework */; };
		591D3ED21CFF85C30059011C /* ios_image_load.mm in Sources */ = {isa = PBXBuildFile; fileRef = 591D3ED11CFF85C30059011C /* ios_image_load.mm */; };
		591D3ED51CFF85FD0059011C /* tensorflow_utils.mm in Sources */ = {isa = PBXBuildFile; fileRef = 591D3ED31CFF85FD0059011C /* tensorflow_utils.mm */; };
		591D3EDF1CFFAD230059011C /* libprotobuf-lite.a in Frameworks */ = {isa = PBXBuildFile; fileRef = 591D3EDD1CFFAD230059011C /* libprotobuf-lite.a */; };
		591D3EE01CFFAD230059011C /* libprotobuf.a in Frameworks */ = {isa = PBXBuildFile; fileRef = 591D3EDE1CFFAD230059011C /* libprotobuf.a */; };
		592FF8B918ECBD7600C164F8 /* Foundation.framework in Frameworks */ = {isa = PBXBuildFile; fileRef = 592FF8B818ECBD7600C164F8 /* Foundation.framework */; };
		592FF8BB18ECBD7600C164F8 /* CoreGraphics.framework in Frameworks */ = {isa = PBXBuildFile; fileRef = 592FF8BA18ECBD7600C164F8 /* CoreGraphics.framework */; };
		592FF90218ECC66200C164F8 /* main.mm in Sources */ = {isa = PBXBuildFile; fileRef = 592FF90118ECC66200C164F8 /* main.mm */; };
		592FF90D18EDD0DA00C164F8 /* MainStoryboard_iPhone.storyboard in Resources */ = {isa = PBXBuildFile; fileRef = 592FF90A18EDD0DA00C164F8 /* MainStoryboard_iPhone.storyboard */; };
		592FF92518EE240200C164F8 /* FaceCNNAppDelegateDelegate.m in Sources */ = {isa = PBXBuildFile; fileRef = 592FF92218EE240200C164F8 /* FaceCNNAppDelegateDelegate.m */; };
		5993C7721D5D4E980048CE6A /* Accelerate.framework in Frameworks */ = {isa = PBXBuildFile; fileRef = 5993C7711D5D4E980048CE6A /* Accelerate.framework */; };
		CF01C2161DF7806F003DCE00 /* frozen_optimized_graph.pb in Resources */ = {isa = PBXBuildFile; fileRef = CF01C2151DF7806F003DCE00 /* frozen_optimized_graph.pb */; };
		CF01C2181DF78495003DCE00 /* libdlib.a in Frameworks */ = {isa = PBXBuildFile; fileRef = CF01C2171DF78495003DCE00 /* libdlib.a */; };
		CF01C21A1DF78647003DCE00 /* opencv2.framework in Frameworks */ = {isa = PBXBuildFile; fileRef = CF01C2191DF78647003DCE00 /* opencv2.framework */; };
		CF01C21C1DF799CE003DCE00 /* shape_predictor_68_face_landmarks.dat in Resources */ = {isa = PBXBuildFile; fileRef = CF01C21B1DF799CE003DCE00 /* shape_predictor_68_face_landmarks.dat */; };
		CF01C21F1DF79B13003DCE00 /* face_verification_utils.mm in Sources */ = {isa = PBXBuildFile; fileRef = CF01C21D1DF79B13003DCE00 /* face_verification_utils.mm */; };
		CF42DCB51DF95A97006832E5 /* FaceCNNViewController.mm in Sources */ = {isa = PBXBuildFile; fileRef = CF42DCB41DF95A97006832E5 /* FaceCNNViewController.mm */; };
		CF96F34D1DF59A42006F9248 /* tensorflow_inception_graph.pb in Resources */ = {isa = PBXBuildFile; fileRef = CF96F34C1DF59A42006F9248 /* tensorflow_inception_graph.pb */; };
		CFB8C7E31DF814400088220A /* Ana_Guevara in Resources */ = {isa = PBXBuildFile; fileRef = CFB8C7E01DF814400088220A /* Ana_Guevara */; };
		CFB8C7E41DF814400088220A /* Hillary_Clinton in Resources */ = {isa = PBXBuildFile; fileRef = CFB8C7E11DF814400088220A /* Hillary_Clinton */; };
		CFB8C7E51DF814400088220A /* Bill_Gates in Resources */ = {isa = PBXBuildFile; fileRef = CFB8C7E21DF814400088220A /* Bill_Gates */; };
/* End PBXBuildFile section */

/* Begin PBXFileReference section */
		591D3EC41CFF7F120059011C /* AVFoundation.framework */ = {isa = PBXFileReference; lastKnownFileType = wrapper.framework; name = AVFoundation.framework; path = Platforms/iPhoneOS.platform/Developer/SDKs/iPhoneOS9.2.sdk/System/Library/Frameworks/AVFoundation.framework; sourceTree = DEVELOPER_DIR; };
		591D3EC61CFF7F370059011C /* CoreFoundation.framework */ = {isa = PBXFileReference; lastKnownFileType = wrapper.framework; name = CoreFoundation.framework; path = Platforms/iPhoneOS.platform/Developer/SDKs/iPhoneOS9.2.sdk/System/Library/Frameworks/CoreFoundation.framework; sourceTree = DEVELOPER_DIR; };
		591D3EC81CFF7F500059011C /* CoreImage.framework */ = {isa = PBXFileReference; lastKnownFileType = wrapper.framework; name = CoreImage.framework; path = Platforms/iPhoneOS.platform/Developer/SDKs/iPhoneOS9.2.sdk/System/Library/Frameworks/CoreImage.framework; sourceTree = DEVELOPER_DIR; };
		591D3ECA1CFF7F5F0059011C /* CoreMedia.framework */ = {isa = PBXFileReference; lastKnownFileType = wrapper.framework; name = CoreMedia.framework; path = Platforms/iPhoneOS.platform/Developer/SDKs/iPhoneOS9.2.sdk/System/Library/Frameworks/CoreMedia.framework; sourceTree = DEVELOPER_DIR; };
		591D3ECC1CFF7F9F0059011C /* AssetsLibrary.framework */ = {isa = PBXFileReference; lastKnownFileType = wrapper.framework; name = AssetsLibrary.framework; path = Platforms/iPhoneOS.platform/Developer/SDKs/iPhoneOS9.2.sdk/System/Library/Frameworks/AssetsLibrary.framework; sourceTree = DEVELOPER_DIR; };
		591D3ECE1CFF7FCE0059011C /* ImageIO.framework */ = {isa = PBXFileReference; lastKnownFileType = wrapper.framework; name = ImageIO.framework; path = Platforms/iPhoneOS.platform/Developer/SDKs/iPhoneOS9.2.sdk/System/Library/Frameworks/ImageIO.framework; sourceTree = DEVELOPER_DIR; };
		591D3ED01CFF85C30059011C /* ios_image_load.h */ = {isa = PBXFileReference; fileEncoding = 4; lastKnownFileType = sourcecode.c.h; path = ios_image_load.h; sourceTree = SOURCE_ROOT; };
		591D3ED11CFF85C30059011C /* ios_image_load.mm */ = {isa = PBXFileReference; fileEncoding = 4; lastKnownFileType = sourcecode.cpp.objcpp; path = ios_image_load.mm; sourceTree = SOURCE_ROOT; };
		591D3ED31CFF85FD0059011C /* tensorflow_utils.mm */ = {isa = PBXFileReference; fileEncoding = 4; lastKnownFileType = sourcecode.cpp.objcpp; path = tensorflow_utils.mm; sourceTree = SOURCE_ROOT; };
		591D3ED41CFF85FD0059011C /* tensorflow_utils.h */ = {isa = PBXFileReference; fileEncoding = 4; lastKnownFileType = sourcecode.c.h; path = tensorflow_utils.h; sourceTree = SOURCE_ROOT; };
		591D3EDD1CFFAD230059011C /* libprotobuf-lite.a */ = {isa = PBXFileReference; lastKnownFileType = archive.ar; name = "libprotobuf-lite.a"; path = "../../makefile/gen/protobuf_ios/lib/libprotobuf-lite.a"; sourceTree = "<group>"; };
		591D3EDE1CFFAD230059011C /* libprotobuf.a */ = {isa = PBXFileReference; lastKnownFileType = archive.ar; name = libprotobuf.a; path = ../../makefile/gen/protobuf_ios/lib/libprotobuf.a; sourceTree = "<group>"; };
		592FF8B518ECBD7600C164F8 /* CameraExample.app */ = {isa = PBXFileReference; explicitFileType = wrapper.application; includeInIndex = 0; name = CameraExample.app; path = LightCNNFace.app; sourceTree = BUILT_PRODUCTS_DIR; };
		592FF8B818ECBD7600C164F8 /* Foundation.framework */ = {isa = PBXFileReference; lastKnownFileType = wrapper.framework; name = Foundation.framework; path = System/Library/Frameworks/Foundation.framework; sourceTree = SDKROOT; };
		592FF8BA18ECBD7600C164F8 /* CoreGraphics.framework */ = {isa = PBXFileReference; lastKnownFileType = wrapper.framework; name = CoreGraphics.framework; path = System/Library/Frameworks/CoreGraphics.framework; sourceTree = SDKROOT; };
		592FF90118ECC66200C164F8 /* main.mm */ = {isa = PBXFileReference; fileEncoding = 4; lastKnownFileType = sourcecode.cpp.objcpp; path = main.mm; sourceTree = SOURCE_ROOT; };
		592FF90318ECCB8300C164F8 /* Info.plist */ = {isa = PBXFileReference; fileEncoding = 4; lastKnownFileType = text.plist.xml; path = Info.plist; sourceTree = SOURCE_ROOT; };
		592FF90B18EDD0DA00C164F8 /* en */ = {isa = PBXFileReference; lastKnownFileType = file.storyboard; name = en; path = MainStoryboard_iPhone.storyboard; sourceTree = "<group>"; };
		592FF92118EE240200C164F8 /* FaceCNNAppDelegate.h */ = {isa = PBXFileReference; fileEncoding = 4; lastKnownFileType = sourcecode.c.h; path = FaceCNNAppDelegate.h; sourceTree = SOURCE_ROOT; };
		592FF92218EE240200C164F8 /* FaceCNNAppDelegateDelegate.m */ = {isa = PBXFileReference; fileEncoding = 4; lastKnownFileType = sourcecode.c.objc; path = FaceCNNAppDelegateDelegate.m; sourceTree = SOURCE_ROOT; };
		592FF92318EE240200C164F8 /* FaceCNNViewController.h */ = {isa = PBXFileReference; fileEncoding = 4; lastKnownFileType = sourcecode.c.h; path = FaceCNNViewController.h; sourceTree = SOURCE_ROOT; };
		5993C7711D5D4E980048CE6A /* Accelerate.framework */ = {isa = PBXFileReference; lastKnownFileType = wrapper.framework; name = Accelerate.framework; path = Platforms/iPhoneOS.platform/Developer/SDKs/iPhoneOS9.3.sdk/System/Library/Frameworks/Accelerate.framework; sourceTree = DEVELOPER_DIR; };
		CF01C2151DF7806F003DCE00 /* frozen_optimized_graph.pb */ = {isa = PBXFileReference; lastKnownFileType = file; name = frozen_optimized_graph.pb; path = "../../face-landmarking-ios-master/DisplayLiveSamples/frozen_optimized_graph.pb"; sourceTree = "<group>"; };
		CF01C2171DF78495003DCE00 /* libdlib.a */ = {isa = PBXFileReference; lastKnownFileType = archive.ar; name = libdlib.a; path = lib/libdlib.a; sourceTree = "<group>"; };
		CF01C2191DF78647003DCE00 /* opencv2.framework */ = {isa = PBXFileReference; lastKnownFileType = wrapper.framework; path = opencv2.framework; sourceTree = "<group>"; };
		CF01C21B1DF799CE003DCE00 /* shape_predictor_68_face_landmarks.dat */ = {isa = PBXFileReference; lastKnownFileType = file; name = shape_predictor_68_face_landmarks.dat; path = "../../face-landmarking-ios-master/DisplayLiveSamples/lib/shape_predictor_68_face_landmarks.dat"; sourceTree = "<group>"; };
		CF01C21D1DF79B13003DCE00 /* face_verification_utils.mm */ = {isa = PBXFileReference; fileEncoding = 4; lastKnownFileType = sourcecode.cpp.objcpp; path = face_verification_utils.mm; sourceTree = SOURCE_ROOT; };
		CF01C21E1DF79B13003DCE00 /* face_verification_utils.h */ = {isa = PBXFileReference; fileEncoding = 4; lastKnownFileType = sourcecode.c.h; path = face_verification_utils.h; sourceTree = SOURCE_ROOT; };
		CF42DCB41DF95A97006832E5 /* FaceCNNViewController.mm */ = {isa = PBXFileReference; fileEncoding = 4; lastKnownFileType = sourcecode.cpp.objcpp; path = FaceCNNViewController.mm; sourceTree = SOURCE_ROOT; };
		CF96F34C1DF59A42006F9248 /* tensorflow_inception_graph.pb */ = {isa = PBXFileReference; lastKnownFileType = file; name = tensorflow_inception_graph.pb; path = ../../../../../../../../../Users/Sudev/Downloads/tensorflow_inception_graph.pb; sourceTree = "<group>"; };
		CFB8C7E01DF814400088220A /* Ana_Guevara */ = {isa = PBXFileReference; lastKnownFileType = folder; name = Ana_Guevara; path = "../../face-landmarking-ios-master/DisplayLiveSamples/Ana_Guevara"; sourceTree = "<group>"; };
		CFB8C7E11DF814400088220A /* Hillary_Clinton */ = {isa = PBXFileReference; lastKnownFileType = folder; name = Hillary_Clinton; path = "../../face-landmarking-ios-master/DisplayLiveSamples/Hillary_Clinton"; sourceTree = "<group>"; };
		CFB8C7E21DF814400088220A /* Bill_Gates */ = {isa = PBXFileReference; lastKnownFileType = folder; name = Bill_Gates; path = "../../face-landmarking-ios-master/DisplayLiveSamples/Bill_Gates"; sourceTree = "<group>"; };
/* End PBXFileReference section */

/* Begin PBXFrameworksBuildPhase section */
		592FF8B218ECBD7600C164F8 /* Frameworks */ = {
			isa = PBXFrameworksBuildPhase;
			buildActionMask = 2147483647;
			files = (
				5993C7721D5D4E980048CE6A /* Accelerate.framework in Frameworks */,
				591D3EDF1CFFAD230059011C /* libprotobuf-lite.a in Frameworks */,
				CF01C2181DF78495003DCE00 /* libdlib.a in Frameworks */,
				591D3EE01CFFAD230059011C /* libprotobuf.a in Frameworks */,
				591D3ECF1CFF7FCE0059011C /* ImageIO.framework in Frameworks */,
				591D3ECD1CFF7F9F0059011C /* AssetsLibrary.framework in Frameworks */,
				591D3ECB1CFF7F5F0059011C /* CoreMedia.framework in Frameworks */,
				591D3EC51CFF7F130059011C /* AVFoundation.framework in Frameworks */,
				592FF8BB18ECBD7600C164F8 /* CoreGraphics.framework in Frameworks */,
				592FF8B918ECBD7600C164F8 /* Foundation.framework in Frameworks */,
				CF01C21A1DF78647003DCE00 /* opencv2.framework in Frameworks */,
			);
			runOnlyForDeploymentPostprocessing = 0;
		};
/* End PBXFrameworksBuildPhase section */

/* Begin PBXGroup section */
		591D3ED61CFFA83A0059011C /* data */ = {
			isa = PBXGroup;
			children = (
				CFB8C7E01DF814400088220A /* Ana_Guevara */,
				CFB8C7E11DF814400088220A /* Hillary_Clinton */,
				CFB8C7E21DF814400088220A /* Bill_Gates */,
			);
			path = data;
			sourceTree = SOURCE_ROOT;
		};
		592FF8AA18ECBD3600C164F8 = {
			isa = PBXGroup;
			children = (
				592FF8BE18ECBD7600C164F8 /* LightCNNFace */,
				592FF8B718ECBD7600C164F8 /* Frameworks */,
				592FF8B618ECBD7600C164F8 /* Products */,
			);
			sourceTree = "<group>";
		};
		592FF8B618ECBD7600C164F8 /* Products */ = {
			isa = PBXGroup;
			children = (
				592FF8B518ECBD7600C164F8 /* CameraExample.app */,
			);
			name = Products;
			sourceTree = "<group>";
		};
		592FF8B718ECBD7600C164F8 /* Frameworks */ = {
			isa = PBXGroup;
			children = (
				CF01C2191DF78647003DCE00 /* opencv2.framework */,
				5993C7711D5D4E980048CE6A /* Accelerate.framework */,
				591D3EDD1CFFAD230059011C /* libprotobuf-lite.a */,
				591D3EDE1CFFAD230059011C /* libprotobuf.a */,
				CF01C2171DF78495003DCE00 /* libdlib.a */,
				591D3ECE1CFF7FCE0059011C /* ImageIO.framework */,
				591D3ECC1CFF7F9F0059011C /* AssetsLibrary.framework */,
				591D3ECA1CFF7F5F0059011C /* CoreMedia.framework */,
				591D3EC81CFF7F500059011C /* CoreImage.framework */,
				591D3EC61CFF7F370059011C /* CoreFoundation.framework */,
				591D3EC41CFF7F120059011C /* AVFoundation.framework */,
				592FF8B818ECBD7600C164F8 /* Foundation.framework */,
				592FF8BA18ECBD7600C164F8 /* CoreGraphics.framework */,
			);
			name = Frameworks;
			sourceTree = "<group>";
		};
		592FF8BE18ECBD7600C164F8 /* LightCNNFace */ = {
			isa = PBXGroup;
			children = (
				CFAA2A8E1DFBDBCB00DF40F7 /* models */,
				591D3ED61CFFA83A0059011C /* data */,
				592FF90718EDD0DA00C164F8 /* en.lproj */,
				592FF92118EE240200C164F8 /* FaceCNNAppDelegate.h */,
				592FF92218EE240200C164F8 /* FaceCNNAppDelegateDelegate.m */,
				592FF92318EE240200C164F8 /* FaceCNNViewController.h */,
				CF42DCB41DF95A97006832E5 /* FaceCNNViewController.mm */,
				592FF90318ECCB8300C164F8 /* Info.plist */,
				591D3ED01CFF85C30059011C /* ios_image_load.h */,
				591D3ED11CFF85C30059011C /* ios_image_load.mm */,
				592FF90118ECC66200C164F8 /* main.mm */,
				591D3ED31CFF85FD0059011C /* tensorflow_utils.mm */,
				CF01C21D1DF79B13003DCE00 /* face_verification_utils.mm */,
				CF01C21E1DF79B13003DCE00 /* face_verification_utils.h */,
				591D3ED41CFF85FD0059011C /* tensorflow_utils.h */,
			);
			name = LightCNNFace;
			path = SimpleExample;
			sourceTree = "<group>";
		};
		592FF90718EDD0DA00C164F8 /* en.lproj */ = {
			isa = PBXGroup;
			children = (
				592FF90A18EDD0DA00C164F8 /* MainStoryboard_iPhone.storyboard */,
			);
			path = en.lproj;
			sourceTree = SOURCE_ROOT;
		};
		CFAA2A8E1DFBDBCB00DF40F7 /* models */ = {
			isa = PBXGroup;
			children = (
				CF01C21B1DF799CE003DCE00 /* shape_predictor_68_face_landmarks.dat */,
				CF96F34C1DF59A42006F9248 /* tensorflow_inception_graph.pb */,
				CF01C2151DF7806F003DCE00 /* frozen_optimized_graph.pb */,
			);
			name = models;
			sourceTree = "<group>";
		};
/* End PBXGroup section */

/* Begin PBXNativeTarget section */
		592FF8B418ECBD7600C164F8 /* LightCNNFace */ = {
			isa = PBXNativeTarget;
			buildConfigurationList = 592FF8E318ECBD7600C164F8 /* Build configuration list for PBXNativeTarget "LightCNNFace" */;
			buildPhases = (
				592FF8B118ECBD7600C164F8 /* Sources */,
				592FF8B218ECBD7600C164F8 /* Frameworks */,
				592FF8B318ECBD7600C164F8 /* Resources */,
			);
			buildRules = (
			);
			dependencies = (
			);
			name = LightCNNFace;
			productName = SimpleExample;
			productReference = 592FF8B518ECBD7600C164F8 /* CameraExample.app */;
			productType = "com.apple.product-type.application";
		};
/* End PBXNativeTarget section */

/* Begin PBXProject section */
		592FF8AB18ECBD3600C164F8 /* Project object */ = {
			isa = PBXProject;
			attributes = {
				LastUpgradeCheck = 0810;
				TargetAttributes = {
					592FF8B418ECBD7600C164F8 = {
						DevelopmentTeam = 85RJ54XVG6;
						LastSwiftMigration = 0810;
					};
				};
			};
			buildConfigurationList = 592FF8AE18ECBD3600C164F8 /* Build configuration list for PBXProject "LightCNNFace" */;
			compatibilityVersion = "Xcode 3.2";
			developmentRegion = English;
			hasScannedForEncodings = 0;
			knownRegions = (
				en,
			);
			mainGroup = 592FF8AA18ECBD3600C164F8;
			productRefGroup = 592FF8B618ECBD7600C164F8 /* Products */;
			projectDirPath = "";
			projectRoot = "";
			targets = (
				592FF8B418ECBD7600C164F8 /* LightCNNFace */,
			);
		};
/* End PBXProject section */

/* Begin PBXResourcesBuildPhase section */
		592FF8B318ECBD7600C164F8 /* Resources */ = {
			isa = PBXResourcesBuildPhase;
			buildActionMask = 2147483647;
			files = (
				CFB8C7E51DF814400088220A /* Bill_Gates in Resources */,
				CF01C2161DF7806F003DCE00 /* frozen_optimized_graph.pb in Resources */,
				CFB8C7E41DF814400088220A /* Hillary_Clinton in Resources */,
				CF96F34D1DF59A42006F9248 /* tensorflow_inception_graph.pb in Resources */,
				592FF90D18EDD0DA00C164F8 /* MainStoryboard_iPhone.storyboard in Resources */,
				CFB8C7E31DF814400088220A /* Ana_Guevara in Resources */,
				CF01C21C1DF799CE003DCE00 /* shape_predictor_68_face_landmarks.dat in Resources */,
			);
			runOnlyForDeploymentPostprocessing = 0;
		};
/* End PBXResourcesBuildPhase section */

/* Begin PBXSourcesBuildPhase section */
		592FF8B118ECBD7600C164F8 /* Sources */ = {
			isa = PBXSourcesBuildPhase;
			buildActionMask = 2147483647;
			files = (
				CF42DCB51DF95A97006832E5 /* FaceCNNViewController.mm in Sources */,
				592FF90218ECC66200C164F8 /* main.mm in Sources */,
				591D3ED21CFF85C30059011C /* ios_image_load.mm in Sources */,
				CF01C21F1DF79B13003DCE00 /* face_verification_utils.mm in Sources */,
				592FF92518EE240200C164F8 /* FaceCNNAppDelegateDelegate.m in Sources */,
				591D3ED51CFF85FD0059011C /* tensorflow_utils.mm in Sources */,
			);
			runOnlyForDeploymentPostprocessing = 0;
		};
/* End PBXSourcesBuildPhase section */

/* Begin PBXVariantGroup section */
		592FF90A18EDD0DA00C164F8 /* MainStoryboard_iPhone.storyboard */ = {
			isa = PBXVariantGroup;
			children = (
				592FF90B18EDD0DA00C164F8 /* en */,
			);
			name = MainStoryboard_iPhone.storyboard;
			sourceTree = "<group>";
		};
/* End PBXVariantGroup section */

/* Begin XCBuildConfiguration section */
		592FF8AF18ECBD3600C164F8 /* Debug */ = {
			isa = XCBuildConfiguration;
			buildSettings = {
				CLANG_WARN_BOOL_CONVERSION = YES;
				CLANG_WARN_CONSTANT_CONVERSION = YES;
				CLANG_WARN_EMPTY_BODY = YES;
				CLANG_WARN_ENUM_CONVERSION = YES;
				CLANG_WARN_INFINITE_RECURSION = YES;
				CLANG_WARN_INT_CONVERSION = YES;
				CLANG_WARN_SUSPICIOUS_MOVE = YES;
				CLANG_WARN_UNREACHABLE_CODE = YES;
				CLANG_WARN__DUPLICATE_METHOD_MATCH = YES;
				ENABLE_STRICT_OBJC_MSGSEND = YES;
				ENABLE_TESTABILITY = YES;
				GCC_NO_COMMON_BLOCKS = YES;
				GCC_WARN_64_TO_32_BIT_CONVERSION = YES;
				GCC_WARN_ABOUT_RETURN_TYPE = YES;
				GCC_WARN_UNDECLARED_SELECTOR = YES;
				GCC_WARN_UNINITIALIZED_AUTOS = YES;
				GCC_WARN_UNUSED_FUNCTION = YES;
				GCC_WARN_UNUSED_VARIABLE = YES;
				ONLY_ACTIVE_ARCH = YES;
			};
			name = Debug;
		};
		592FF8B018ECBD3600C164F8 /* Release */ = {
			isa = XCBuildConfiguration;
			buildSettings = {
				CLANG_WARN_BOOL_CONVERSION = YES;
				CLANG_WARN_CONSTANT_CONVERSION = YES;
				CLANG_WARN_EMPTY_BODY = YES;
				CLANG_WARN_ENUM_CONVERSION = YES;
				CLANG_WARN_INFINITE_RECURSION = YES;
				CLANG_WARN_INT_CONVERSION = YES;
				CLANG_WARN_SUSPICIOUS_MOVE = YES;
				CLANG_WARN_UNREACHABLE_CODE = YES;
				CLANG_WARN__DUPLICATE_METHOD_MATCH = YES;
				ENABLE_STRICT_OBJC_MSGSEND = YES;
				GCC_NO_COMMON_BLOCKS = YES;
				GCC_WARN_64_TO_32_BIT_CONVERSION = YES;
				GCC_WARN_ABOUT_RETURN_TYPE = YES;
				GCC_WARN_UNDECLARED_SELECTOR = YES;
				GCC_WARN_UNINITIALIZED_AUTOS = YES;
				GCC_WARN_UNUSED_FUNCTION = YES;
				GCC_WARN_UNUSED_VARIABLE = YES;
			};
			name = Release;
		};
		592FF8DF18ECBD7600C164F8 /* Debug */ = {
			isa = XCBuildConfiguration;
			buildSettings = {
				ALWAYS_SEARCH_USER_PATHS = NO;
				CLANG_CXX_LANGUAGE_STANDARD = "gnu++0x";
				CLANG_CXX_LIBRARY = "compiler-default";
				CLANG_ENABLE_MODULES = YES;
				CLANG_ENABLE_OBJC_ARC = NO;
				CLANG_WARN_BOOL_CONVERSION = YES;
				CLANG_WARN_CONSTANT_CONVERSION = YES;
				CLANG_WARN_DIRECT_OBJC_ISA_USAGE = YES_ERROR;
				CLANG_WARN_EMPTY_BODY = YES;
				CLANG_WARN_ENUM_CONVERSION = YES;
				CLANG_WARN_INT_CONVERSION = YES;
				CLANG_WARN_OBJC_ROOT_CLASS = YES_ERROR;
				CLANG_WARN__DUPLICATE_METHOD_MATCH = YES;
				"CODE_SIGN_IDENTITY[sdk=iphoneos*]" = "iPhone Developer";
				COPY_PHASE_STRIP = NO;
				DEVELOPMENT_TEAM = 85RJ54XVG6;
				ENABLE_BITCODE = NO;
				FRAMEWORK_SEARCH_PATHS = (
					"$(inherited)",
					"$(PROJECT_DIR)",
				);
				GCC_C_LANGUAGE_STANDARD = gnu99;
				GCC_DYNAMIC_NO_PIC = NO;
				GCC_OPTIMIZATION_LEVEL = fast;
				GCC_PRECOMPILE_PREFIX_HEADER = YES;
				GCC_PREFIX_HEADER = "";
				GCC_PREPROCESSOR_DEFINITIONS = (
					DLIB_USE_LAPACK,
					DLIB_USE_BLAS,
					DLIB_NO_GUI_SUPPORT,
					DLIB_JPEG_SUPPORT,
				);
				GCC_SYMBOLS_PRIVATE_EXTERN = NO;
				GCC_WARN_64_TO_32_BIT_CONVERSION = YES;
				GCC_WARN_ABOUT_RETURN_TYPE = YES_ERROR;
				GCC_WARN_UNDECLARED_SELECTOR = YES;
				GCC_WARN_UNINITIALIZED_AUTOS = YES_AGGRESSIVE;
				GCC_WARN_UNUSED_FUNCTION = YES;
				GCC_WARN_UNUSED_VARIABLE = YES;
				HEADER_SEARCH_PATHS = (
					"$(SRCROOT)/../../makefile/gen/proto",
					"$(SRCROOT)/../../makefile/downloads/eigen",
					"$(SRCROOT)/../../makefile/downloads",
					"$(SRCROOT)/../../makefile/downloads/protobuf/src/",
					"$(SRCROOT)/../../../..",
					"$(SRCROOT)/lib",
				);
				INFOPLIST_FILE = "$(SRCROOT)/Info.plist";
				IPHONEOS_DEPLOYMENT_TARGET = 10.0;
				LD_RUNPATH_SEARCH_PATHS = "$(inherited) @executable_path/Frameworks";
				LIBRARY_SEARCH_PATHS = (
					"$(SRCROOT)/../../makefile/gen/lib",
					"$(SRCROOT)/../../makefile/gen/protobuf_ios/lib",
					"$(PROJECT_DIR)/lib",
					"$(SRCROOT)/lib",
				);
				ONLY_ACTIVE_ARCH = NO;
				OTHER_LDFLAGS = (
					"-force_load",
					"$(SRCROOT)/../../makefile/gen/lib/libtensorflow-core.a",
				);
				PRODUCT_BUNDLE_IDENTIFIER = Sudev.Bohra.LightCNNFace;
				PRODUCT_NAME = "$(TARGET_NAME)";
				SDKROOT = iphoneos;
				SWIFT_VERSION = 3.0;
				TARGETED_DEVICE_FAMILY = "1,2";
				VALIDATE_PRODUCT = NO;
				VALID_ARCHS = "arm64 armv7 armv7s";
				WRAPPER_EXTENSION = app;
			};
			name = Debug;
		};
		592FF8E018ECBD7600C164F8 /* Release */ = {
			isa = XCBuildConfiguration;
			buildSettings = {
				ALWAYS_SEARCH_USER_PATHS = NO;
				CLANG_CXX_LANGUAGE_STANDARD = "gnu++0x";
				CLANG_CXX_LIBRARY = "compiler-default";
				CLANG_ENABLE_MODULES = YES;
				CLANG_ENABLE_OBJC_ARC = NO;
				CLANG_WARN_BOOL_CONVERSION = YES;
				CLANG_WARN_CONSTANT_CONVERSION = YES;
				CLANG_WARN_DIRECT_OBJC_ISA_USAGE = YES_ERROR;
				CLANG_WARN_EMPTY_BODY = YES;
				CLANG_WARN_ENUM_CONVERSION = YES;
				CLANG_WARN_INT_CONVERSION = YES;
				CLANG_WARN_OBJC_ROOT_CLASS = YES_ERROR;
				CLANG_WARN__DUPLICATE_METHOD_MATCH = YES;
				"CODE_SIGN_IDENTITY[sdk=iphoneos*]" = "iPhone Developer";
				COPY_PHASE_STRIP = YES;
				DEVELOPMENT_TEAM = 85RJ54XVG6;
				ENABLE_BITCODE = NO;
				ENABLE_NS_ASSERTIONS = NO;
				FRAMEWORK_SEARCH_PATHS = (
					"$(inherited)",
					"$(PROJECT_DIR)",
				);
				GCC_C_LANGUAGE_STANDARD = gnu99;
				GCC_OPTIMIZATION_LEVEL = fast;
				GCC_PRECOMPILE_PREFIX_HEADER = YES;
				GCC_PREFIX_HEADER = "";
				GCC_PREPROCESSOR_DEFINITIONS = (
					DLIB_USE_LAPACK,
					DLIB_USE_BLAS,
					DLIB_NO_GUI_SUPPORT,
					DLIB_JPEG_SUPPORT,
				);
				GCC_WARN_64_TO_32_BIT_CONVERSION = YES;
				GCC_WARN_ABOUT_RETURN_TYPE = YES_ERROR;
				GCC_WARN_UNDECLARED_SELECTOR = YES;
				GCC_WARN_UNINITIALIZED_AUTOS = YES_AGGRESSIVE;
				GCC_WARN_UNUSED_FUNCTION = YES;
				GCC_WARN_UNUSED_VARIABLE = YES;
				HEADER_SEARCH_PATHS = (
					"$(SRCROOT)/../../makefile/gen/proto",
					"$(SRCROOT)/../../makefile/downloads/eigen",
					"$(SRCROOT)/../../makefile/downloads",
					"$(SRCROOT)/../../makefile/downloads/protobuf/src/",
					"$(SRCROOT)/../../../..",
					"$(SRCROOT)/lib",
				);
				INFOPLIST_FILE = "$(SRCROOT)/Info.plist";
				IPHONEOS_DEPLOYMENT_TARGET = 10.0;
				LD_RUNPATH_SEARCH_PATHS = "$(inherited) @executable_path/Frameworks";
				LIBRARY_SEARCH_PATHS = (
					"$(SRCROOT)/../../makefile/gen/lib",
					"$(SRCROOT)/../../makefile/gen/protobuf_ios/lib",
					"$(PROJECT_DIR)/lib",
					"$(SRCROOT)/lib",
				);
				ONLY_ACTIVE_ARCH = NO;
				OTHER_LDFLAGS = (
					"-force_load",
					"$(SRCROOT)/../../makefile/gen/lib/libtensorflow-core.a",
				);
				PRODUCT_BUNDLE_IDENTIFIER = Sudev.Bohra.LightCNNFace;
				PRODUCT_NAME = "$(TARGET_NAME)";
				SDKROOT = iphoneos;
				SWIFT_VERSION = 3.0;
				TARGETED_DEVICE_FAMILY = "1,2";
				VALIDATE_PRODUCT = YES;
				VALID_ARCHS = "arm64 armv7 armv7s";
				WRAPPER_EXTENSION = app;
			};
			name = Release;
		};
/* End XCBuildConfiguration section */

/* Begin XCConfigurationList section */
		592FF8AE18ECBD3600C164F8 /* Build configuration list for PBXProject "LightCNNFace" */ = {
			isa = XCConfigurationList;
			buildConfigurations = (
				592FF8AF18ECBD3600C164F8 /* Debug */,
				592FF8B018ECBD3600C164F8 /* Release */,
			);
			defaultConfigurationIsVisible = 0;
			defaultConfigurationName = Release;
		};
		592FF8E318ECBD7600C164F8 /* Build configuration list for PBXNativeTarget "LightCNNFace" */ = {
			isa = XCConfigurationList;
			buildConfigurations = (
				592FF8DF18ECBD7600C164F8 /* Debug */,
				592FF8E018ECBD7600C164F8 /* Release */,
			);
			defaultConfigurationIsVisible = 0;
			defaultConfigurationName = Release;
		};
/* End XCConfigurationList section */
	};
	rootObject = 592FF8AB18ECBD3600C164F8 /* Project object */;
}
